
Microsoft Visual Studio Solution File, Format Version 12.00
# Visual Studio Version 17
VisualStudioVersion = 17.5.33627.172
MinimumVisualStudioVersion = 10.0.40219.1
Project("{FAE04EC0-301F-11D3-BF4B-00C04F79EFBC}") = "ConsoleJanken", "ConsoleJanken.csproj", "{FBA2C9C4-9022-4C7E-9584-BEF9B9066E4F}"
EndProject
Global
	GlobalSection(SolutionConfigurationPlatforms) = preSolution
		Debug|Any CPU = Debug|Any CPU
		Release|Any CPU = Release|Any CPU
	EndGlobalSection
	GlobalSection(ProjectConfigurationPlatforms) = postSolution
		{FBA2C9C4-9022-4C7E-9584-BEF9B9066E4F}.Debug|Any CPU.ActiveCfg = Debug|Any CPU
		{FBA2C9C4-9022-4C7E-9584-BEF9B9066E4F}.Debug|Any CPU.Build.0 = Debug|Any CPU
		{FBA2C9C4-9022-4C7E-9584-BEF9B9066E4F}.Release|Any CPU.ActiveCfg = Release|Any CPU
		{FBA2C9C4-9022-4C7E-9584-BEF9B9066E4F}.Release|Any CPU.Build.0 = Release|Any CPU
	EndGlobalSection
	GlobalSection(SolutionProperties) = preSolution
		HideSolutionNode = FALSE
	EndGlobalSection
	GlobalSection(ExtensibilityGlobals) = postSolution
		SolutionGuid = {C7AD438E-E7D1-4A94-A016-7068AAB60D38}
	EndGlobalSection
EndGlobal
